// !$*UTF8*$!
{
	archiveVersion = 1;
	classes = {
	};
	objectVersion = 77;
	objects = {

/* Begin PBXBuildFile section */
		1E029C012E0C8E080097052F /* netfox in Frameworks */ = {isa = PBXBuildFile; productRef = 1E029C002E0C8E080097052F /* netfox */; };
/* End PBXBuildFile section */

/* Begin PBXContainerItemProxy section */
		1E0299C62E0C89270097052F /* PBXContainerItemProxy */ = {
			isa = PBXContainerItemProxy;
			containerPortal = 1E0299A82E0C89250097052F /* Project object */;
			proxyType = 1;
			remoteGlobalIDString = 1E0299AF2E0C89250097052F;
			remoteInfo = CryptoTracking;
		};
		1E0299D02E0C89270097052F /* PBXContainerItemProxy */ = {
			isa = PBXContainerItemProxy;
			containerPortal = 1E0299A82E0C89250097052F /* Project object */;
			proxyType = 1;
			remoteGlobalIDString = 1E0299AF2E0C89250097052F;
			remoteInfo = CryptoTracking;
		};
/* End PBXContainerItemProxy section */

/* Begin PBXFileReference section */
		1E0299B02E0C89250097052F /* CryptoTracking.app */ = {isa = PBXFileReference; explicitFileType = wrapper.application; includeInIndex = 0; path = CryptoTracking.app; sourceTree = BUILT_PRODUCTS_DIR; };
		1E0299C52E0C89270097052F /* CryptoTrackingTests.xctest */ = {isa = PBXFileReference; explicitFileType = wrapper.cfbundle; includeInIndex = 0; path = CryptoTrackingTests.xctest; sourceTree = BUILT_PRODUCTS_DIR; };
		1E0299CF2E0C89270097052F /* CryptoTrackingUITests.xctest */ = {isa = PBXFileReference; explicitFileType = wrapper.cfbundle; includeInIndex = 0; path = CryptoTrackingUITests.xctest; sourceTree = BUILT_PRODUCTS_DIR; };
/* End PBXFileReference section */

/* Begin PBXFileSystemSynchronizedRootGroup section */
		1E0299B22E0C89250097052F /* CryptoTracking */ = {
			isa = PBXFileSystemSynchronizedRootGroup;
			path = CryptoTracking;
			sourceTree = "<group>";
		};
		1E0299C82E0C89270097052F /* CryptoTrackingTests */ = {
			isa = PBXFileSystemSynchronizedRootGroup;
			path = CryptoTrackingTests;
			sourceTree = "<group>";
		};
		1E0299D22E0C89270097052F /* CryptoTrackingUITests */ = {
			isa = PBXFileSystemSynchronizedRootGroup;
			path = CryptoTrackingUITests;
			sourceTree = "<group>";
		};
/* End PBXFileSystemSynchronizedRootGroup section */

/* Begin PBXFrameworksBuildPhase section */
		1E0299AD2E0C89250097052F /* Frameworks */ = {
			isa = PBXFrameworksBuildPhase;
			buildActionMask = 2147483647;
			files = (
				1E029C012E0C8E080097052F /* netfox in Frameworks */,
			);
			runOnlyForDeploymentPostprocessing = 0;
		};
		1E0299C22E0C89270097052F /* Frameworks */ = {
			isa = PBXFrameworksBuildPhase;
			buildActionMask = 2147483647;
			files = (
			);
			runOnlyForDeploymentPostprocessing = 0;
		};
		1E0299CC2E0C89270097052F /* Frameworks */ = {
			isa = PBXFrameworksBuildPhase;
			buildActionMask = 2147483647;
			files = (
			);
			runOnlyForDeploymentPostprocessing = 0;
		};
/* End PBXFrameworksBuildPhase section */

/* Begin PBXGroup section */
		1E0299A72E0C89250097052F = {
			isa = PBXGroup;
			children = (
				1E0299B22E0C89250097052F /* CryptoTracking */,
				1E0299C82E0C89270097052F /* CryptoTrackingTests */,
				1E0299D22E0C89270097052F /* CryptoTrackingUITests */,
				1E029BFF2E0C8E080097052F /* Frameworks */,
				1E0299B12E0C89250097052F /* Products */,
			);
			sourceTree = "<group>";
		};
		1E0299B12E0C89250097052F /* Products */ = {
			isa = PBXGroup;
			children = (
				1E0299B02E0C89250097052F /* CryptoTracking.app */,
				1E0299C52E0C89270097052F /* CryptoTrackingTests.xctest */,
				1E0299CF2E0C89270097052F /* CryptoTrackingUITests.xctest */,
			);
			name = Products;
			sourceTree = "<group>";
		};
		1E029BFF2E0C8E080097052F /* Frameworks */ = {
			isa = PBXGroup;
			children = (
			);
			name = Frameworks;
			sourceTree = "<group>";
		};
/* End PBXGroup section */

/* Begin PBXNativeTarget section */
		1E0299AF2E0C89250097052F /* CryptoTracking */ = {
			isa = PBXNativeTarget;
			buildConfigurationList = 1E0299D92E0C89270097052F /* Build configuration list for PBXNativeTarget "CryptoTracking" */;
			buildPhases = (
				1E0299AC2E0C89250097052F /* Sources */,
				1E0299AD2E0C89250097052F /* Frameworks */,
				1E0299AE2E0C89250097052F /* Resources */,
			);
			buildRules = (
			);
			dependencies = (
			);
			fileSystemSynchronizedGroups = (
				1E0299B22E0C89250097052F /* CryptoTracking */,
			);
			name = CryptoTracking;
			productName = CryptoTracking;
			productReference = 1E0299B02E0C89250097052F /* CryptoTracking.app */;
			productType = "com.apple.product-type.application";
		};
		1E0299C42E0C89270097052F /* CryptoTrackingTests */ = {
			isa = PBXNativeTarget;
			buildConfigurationList = 1E0299DC2E0C89270097052F /* Build configuration list for PBXNativeTarget "CryptoTrackingTests" */;
			buildPhases = (
				1E0299C12E0C89270097052F /* Sources */,
				1E0299C22E0C89270097052F /* Frameworks */,
				1E0299C32E0C89270097052F /* Resources */,
			);
			buildRules = (
			);
			dependencies = (
				1E0299C72E0C89270097052F /* PBXTargetDependency */,
			);
			fileSystemSynchronizedGroups = (
				1E0299C82E0C89270097052F /* CryptoTrackingTests */,
			);
			name = CryptoTrackingTests;
			productName = CryptoTrackingTests;
			productReference = 1E0299C52E0C89270097052F /* CryptoTrackingTests.xctest */;
			productType = "com.apple.product-type.bundle.unit-test";
		};
		1E0299CE2E0C89270097052F /* CryptoTrackingUITests */ = {
			isa = PBXNativeTarget;
			buildConfigurationList = 1E0299DF2E0C89270097052F /* Build configuration list for PBXNativeTarget "CryptoTrackingUITests" */;
			buildPhases = (
				1E0299CB2E0C89270097052F /* Sources */,
				1E0299CC2E0C89270097052F /* Frameworks */,
				1E0299CD2E0C89270097052F /* Resources */,
			);
			buildRules = (
			);
			dependencies = (
				1E0299D12E0C89270097052F /* PBXTargetDependency */,
			);
			fileSystemSynchronizedGroups = (
				1E0299D22E0C89270097052F /* CryptoTrackingUITests */,
			);
			name = CryptoTrackingUITests;
			productName = CryptoTrackingUITests;
			productReference = 1E0299CF2E0C89270097052F /* CryptoTrackingUITests.xctest */;
			productType = "com.apple.product-type.bundle.ui-testing";
		};
/* End PBXNativeTarget section */

/* Begin PBXProject section */
		1E0299A82E0C89250097052F /* Project object */ = {
			isa = PBXProject;
			attributes = {
				BuildIndependentTargetsInParallel = 1;
				LastSwiftUpdateCheck = 1620;
				LastUpgradeCheck = 1620;
				TargetAttributes = {
					1E0299AF2E0C89250097052F = {
						CreatedOnToolsVersion = 16.2;
					};
					1E0299C42E0C89270097052F = {
						CreatedOnToolsVersion = 16.2;
						TestTargetID = 1E0299AF2E0C89250097052F;
					};
					1E0299CE2E0C89270097052F = {
						CreatedOnToolsVersion = 16.2;
						TestTargetID = 1E0299AF2E0C89250097052F;
					};
				};
			};
			buildConfigurationList = 1E0299AB2E0C89250097052F /* Build configuration list for PBXProject "CryptoTracking" */;
			developmentRegion = en;
			hasScannedForEncodings = 0;
			knownRegions = (
				en,
				Base,
			);
			mainGroup = 1E0299A72E0C89250097052F;
			minimizedProjectReferenceProxies = 1;
			packageReferences = (
				1E029B722E0C8DBB0097052F /* XCRemoteSwiftPackageReference "netfox" */,
			);
			preferredProjectObjectVersion = 77;
			productRefGroup = 1E0299B12E0C89250097052F /* Products */;
			projectDirPath = "";
			projectRoot = "";
			targets = (
				1E0299AF2E0C89250097052F /* CryptoTracking */,
				1E0299C42E0C89270097052F /* CryptoTrackingTests */,
				1E0299CE2E0C89270097052F /* CryptoTrackingUITests */,
			);
		};
/* End PBXProject section */

/* Begin PBXResourcesBuildPhase section */
		1E0299AE2E0C89250097052F /* Resources */ = {
			isa = PBXResourcesBuildPhase;
			buildActionMask = 2147483647;
			files = (
			);
			runOnlyForDeploymentPostprocessing = 0;
		};
		1E0299C32E0C89270097052F /* Resources */ = {
			isa = PBXResourcesBuildPhase;
			buildActionMask = 2147483647;
			files = (
			);
			runOnlyForDeploymentPostprocessing = 0;
		};
		1E0299CD2E0C89270097052F /* Resources */ = {
			isa = PBXResourcesBuildPhase;
			buildActionMask = 2147483647;
			files = (
			);
			runOnlyForDeploymentPostprocessing = 0;
		};
/* End PBXResourcesBuildPhase section */

/* Begin PBXSourcesBuildPhase section */
		1E0299AC2E0C89250097052F /* Sources */ = {
			isa = PBXSourcesBuildPhase;
			buildActionMask = 2147483647;
			files = (
			);
			runOnlyForDeploymentPostprocessing = 0;
		};
		1E0299C12E0C89270097052F /* Sources */ = {
			isa = PBXSourcesBuildPhase;
			buildActionMask = 2147483647;
			files = (
			);
			runOnlyForDeploymentPostprocessing = 0;
		};
		1E0299CB2E0C89270097052F /* Sources */ = {
			isa = PBXSourcesBuildPhase;
			buildActionMask = 2147483647;
			files = (
			);
			runOnlyForDeploymentPostprocessing = 0;
		};
/* End PBXSourcesBuildPhase section */

/* Begin PBXTargetDependency section */
		1E0299C72E0C89270097052F /* PBXTargetDependency */ = {
			isa = PBXTargetDependency;
			target = 1E0299AF2E0C89250097052F /* CryptoTracking */;
			targetProxy = 1E0299C62E0C89270097052F /* PBXContainerItemProxy */;
		};
		1E0299D12E0C89270097052F /* PBXTargetDependency */ = {
			isa = PBXTargetDependency;
			target = 1E0299AF2E0C89250097052F /* CryptoTracking */;
			targetProxy = 1E0299D02E0C89270097052F /* PBXContainerItemProxy */;
		};
/* End PBXTargetDependency section */

/* Begin XCBuildConfiguration section */
		1E0299D72E0C89270097052F /* Debug */ = {
			isa = XCBuildConfiguration;
			buildSettings = {
				ALWAYS_SEARCH_USER_PATHS = NO;
				ASSETCATALOG_COMPILER_GENERATE_SWIFT_ASSET_SYMBOL_EXTENSIONS = YES;
				CLANG_ANALYZER_NONNULL = YES;
				CLANG_ANALYZER_NUMBER_OBJECT_CONVERSION = YES_AGGRESSIVE;
				CLANG_CXX_LANGUAGE_STANDARD = "gnu++20";
				CLANG_ENABLE_MODULES = YES;
				CLANG_ENABLE_OBJC_ARC = YES;
				CLANG_ENABLE_OBJC_WEAK = YES;
				CLANG_WARN_BLOCK_CAPTURE_AUTORELEASING = YES;
				CLANG_WARN_BOOL_CONVERSION = YES;
				CLANG_WARN_COMMA = YES;
				CLANG_WARN_CONSTANT_CONVERSION = YES;
				CLANG_WARN_DEPRECATED_OBJC_IMPLEMENTATIONS = YES;
				CLANG_WARN_DIRECT_OBJC_ISA_USAGE = YES_ERROR;
				CLANG_WARN_DOCUMENTATION_COMMENTS = YES;
				CLANG_WARN_EMPTY_BODY = YES;
				CLANG_WARN_ENUM_CONVERSION = YES;
				CLANG_WARN_INFINITE_RECURSION = YES;
				CLANG_WARN_INT_CONVERSION = YES;
				CLANG_WARN_NON_LITERAL_NULL_CONVERSION = YES;
				CLANG_WARN_OBJC_IMPLICIT_RETAIN_SELF = YES;
				CLANG_WARN_OBJC_LITERAL_CONVERSION = YES;
				CLANG_WARN_OBJC_ROOT_CLASS = YES_ERROR;
				CLANG_WARN_QUOTED_INCLUDE_IN_FRAMEWORK_HEADER = YES;
				CLANG_WARN_RANGE_LOOP_ANALYSIS = YES;
				CLANG_WARN_STRICT_PROTOTYPES = YES;
				CLANG_WARN_SUSPICIOUS_MOVE = YES;
				CLANG_WARN_UNGUARDED_AVAILABILITY = YES_AGGRESSIVE;
				CLANG_WARN_UNREACHABLE_CODE = YES;
				CLANG_WARN__DUPLICATE_METHOD_MATCH = YES;
				COPY_PHASE_STRIP = NO;
				DEBUG_INFORMATION_FORMAT = dwarf;
				ENABLE_STRICT_OBJC_MSGSEND = YES;
				ENABLE_TESTABILITY = YES;
				ENABLE_USER_SCRIPT_SANDBOXING = YES;
				GCC_C_LANGUAGE_STANDARD = gnu17;
				GCC_DYNAMIC_NO_PIC = NO;
				GCC_NO_COMMON_BLOCKS = YES;
				GCC_OPTIMIZATION_LEVEL = 0;
				GCC_PREPROCESSOR_DEFINITIONS = (
					"DEBUG=1",
					"$(inherited)",
				);
				GCC_WARN_64_TO_32_BIT_CONVERSION = YES;
				GCC_WARN_ABOUT_RETURN_TYPE = YES_ERROR;
				GCC_WARN_UNDECLARED_SELECTOR = YES;
				GCC_WARN_UNINITIALIZED_AUTOS = YES_AGGRESSIVE;
				GCC_WARN_UNUSED_FUNCTION = YES;
				GCC_WARN_UNUSED_VARIABLE = YES;
				IPHONEOS_DEPLOYMENT_TARGET = 18.2;
				LOCALIZATION_PREFERS_STRING_CATALOGS = YES;
				MTL_ENABLE_DEBUG_INFO = INCLUDE_SOURCE;
				MTL_FAST_MATH = YES;
				ONLY_ACTIVE_ARCH = YES;
				SDKROOT = iphoneos;
				SWIFT_ACTIVE_COMPILATION_CONDITIONS = "DEBUG $(inherited)";
				SWIFT_OPTIMIZATION_LEVEL = "-Onone";
			};
			name = Debug;
		};
		1E0299D82E0C89270097052F /* Release */ = {
			isa = XCBuildConfiguration;
			buildSettings = {
				ALWAYS_SEARCH_USER_PATHS = NO;
				ASSETCATALOG_COMPILER_GENERATE_SWIFT_ASSET_SYMBOL_EXTENSIONS = YES;
				CLANG_ANALYZER_NONNULL = YES;
				CLANG_ANALYZER_NUMBER_OBJECT_CONVERSION = YES_AGGRESSIVE;
				CLANG_CXX_LANGUAGE_STANDARD = "gnu++20";
				CLANG_ENABLE_MODULES = YES;
				CLANG_ENABLE_OBJC_ARC = YES;
				CLANG_ENABLE_OBJC_WEAK = YES;
				CLANG_WARN_BLOCK_CAPTURE_AUTORELEASING = YES;
				CLANG_WARN_BOOL_CONVERSION = YES;
				CLANG_WARN_COMMA = YES;
				CLANG_WARN_CONSTANT_CONVERSION = YES;
				CLANG_WARN_DEPRECATED_OBJC_IMPLEMENTATIONS = YES;
				CLANG_WARN_DIRECT_OBJC_ISA_USAGE = YES_ERROR;
				CLANG_WARN_DOCUMENTATION_COMMENTS = YES;
				CLANG_WARN_EMPTY_BODY = YES;
				CLANG_WARN_ENUM_CONVERSION = YES;
				CLANG_WARN_INFINITE_RECURSION = YES;
				CLANG_WARN_INT_CONVERSION = YES;
				CLANG_WARN_NON_LITERAL_NULL_CONVERSION = YES;
				CLANG_WARN_OBJC_IMPLICIT_RETAIN_SELF = YES;
				CLANG_WARN_OBJC_LITERAL_CONVERSION = YES;
				CLANG_WARN_OBJC_ROOT_CLASS = YES_ERROR;
				CLANG_WARN_QUOTED_INCLUDE_IN_FRAMEWORK_HEADER = YES;
				CLANG_WARN_RANGE_LOOP_ANALYSIS = YES;
				CLANG_WARN_STRICT_PROTOTYPES = YES;
				CLANG_WARN_SUSPICIOUS_MOVE = YES;
				CLANG_WARN_UNGUARDED_AVAILABILITY = YES_AGGRESSIVE;
				CLANG_WARN_UNREACHABLE_CODE = YES;
				CLANG_WARN__DUPLICATE_METHOD_MATCH = YES;
				COPY_PHASE_STRIP = NO;
				DEBUG_INFORMATION_FORMAT = "dwarf-with-dsym";
				ENABLE_NS_ASSERTIONS = NO;
				ENABLE_STRICT_OBJC_MSGSEND = YES;
				ENABLE_USER_SCRIPT_SANDBOXING = YES;
				GCC_C_LANGUAGE_STANDARD = gnu17;
				GCC_NO_COMMON_BLOCKS = YES;
				GCC_WARN_64_TO_32_BIT_CONVERSION = YES;
				GCC_WARN_ABOUT_RETURN_TYPE = YES_ERROR;
				GCC_WARN_UNDECLARED_SELECTOR = YES;
				GCC_WARN_UNINITIALIZED_AUTOS = YES_AGGRESSIVE;
				GCC_WARN_UNUSED_FUNCTION = YES;
				GCC_WARN_UNUSED_VARIABLE = YES;
				IPHONEOS_DEPLOYMENT_TARGET = 18.2;
				LOCALIZATION_PREFERS_STRING_CATALOGS = YES;
				MTL_ENABLE_DEBUG_INFO = NO;
				MTL_FAST_MATH = YES;
				SDKROOT = iphoneos;
				SWIFT_COMPILATION_MODE = wholemodule;
				VALIDATE_PRODUCT = YES;
			};
			name = Release;
		};
		1E0299DA2E0C89270097052F /* Debug */ = {
			isa = XCBuildConfiguration;
			buildSettings = {
				ASSETCATALOG_COMPILER_APPICON_NAME = AppIcon;
				ASSETCATALOG_COMPILER_GLOBAL_ACCENT_COLOR_NAME = AccentColor;
				CODE_SIGN_STYLE = Automatic;
				CURRENT_PROJECT_VERSION = 1;
				DEVELOPMENT_ASSET_PATHS = "\"CryptoTracking/Preview Content\"";
				DEVELOPMENT_TEAM = RH553QB55F;
				ENABLE_PREVIEWS = YES;
				GENERATE_INFOPLIST_FILE = YES;
				INFOPLIST_KEY_UIApplicationSceneManifest_Generation = YES;
				INFOPLIST_KEY_UIApplicationSupportsIndirectInputEvents = YES;
				INFOPLIST_KEY_UILaunchScreen_Generation = YES;
				INFOPLIST_KEY_UISupportedInterfaceOrientations_iPad = "UIInterfaceOrientationPortrait UIInterfaceOrientationPortraitUpsideDown UIInterfaceOrientationLandscapeLeft UIInterfaceOrientationLandscapeRight";
				INFOPLIST_KEY_UISupportedInterfaceOrientations_iPhone = "UIInterfaceOrientationPortrait UIInterfaceOrientationLandscapeLeft UIInterfaceOrientationLandscapeRight";
				IPHONEOS_DEPLOYMENT_TARGET = 17.6;
				LD_RUNPATH_SEARCH_PATHS = (
					"$(inherited)",
					"@executable_path/Frameworks",
				);
				MARKETING_VERSION = 1.0;
				PRODUCT_BUNDLE_IDENTIFIER = com.organization.CryptoTracking;
				PRODUCT_NAME = "$(TARGET_NAME)";
				SWIFT_EMIT_LOC_STRINGS = YES;
				SWIFT_VERSION = 5.0;
				TARGETED_DEVICE_FAMILY = "1,2";
			};
			name = Debug;
		};
		1E0299DB2E0C89270097052F /* Release */ = {
			isa = XCBuildConfiguration;
			buildSettings = {
				ASSETCATALOG_COMPILER_APPICON_NAME = AppIcon;
				ASSETCATALOG_COMPILER_GLOBAL_ACCENT_COLOR_NAME = AccentColor;
				CODE_SIGN_STYLE = Automatic;
				CURRENT_PROJECT_VERSION = 1;
				DEVELOPMENT_ASSET_PATHS = "\"CryptoTracking/Preview Content\"";
				DEVELOPMENT_TEAM = RH553QB55F;
				ENABLE_PREVIEWS = YES;
				GENERATE_INFOPLIST_FILE = YES;
				INFOPLIST_KEY_UIApplicationSceneManifest_Generation = YES;
				INFOPLIST_KEY_UIApplicationSupportsIndirectInputEvents = YES;
				INFOPLIST_KEY_UILaunchScreen_Generation = YES;
				INFOPLIST_KEY_UISupportedInterfaceOrientations_iPad = "UIInterfaceOrientationPortrait UIInterfaceOrientationPortraitUpsideDown UIInterfaceOrientationLandscapeLeft UIInterfaceOrientationLandscapeRight";
				INFOPLIST_KEY_UISupportedInterfaceOrientations_iPhone = "UIInterfaceOrientationPortrait UIInterfaceOrientationLandscapeLeft UIInterfaceOrientationLandscapeRight";
				IPHONEOS_DEPLOYMENT_TARGET = 17.6;
				LD_RUNPATH_SEARCH_PATHS = (
					"$(inherited)",
					"@executable_path/Frameworks",
				);
				MARKETING_VERSION = 1.0;
				PRODUCT_BUNDLE_IDENTIFIER = com.organization.CryptoTracking;
				PRODUCT_NAME = "$(TARGET_NAME)";
				SWIFT_EMIT_LOC_STRINGS = YES;
				SWIFT_VERSION = 5.0;
				TARGETED_DEVICE_FAMILY = "1,2";
			};
			name = Release;
		};
		1E0299DD2E0C89270097052F /* Debug */ = {
			isa = XCBuildConfiguration;
			buildSettings = {
				BUNDLE_LOADER = "$(TEST_HOST)";
				CODE_SIGN_STYLE = Automatic;
				CURRENT_PROJECT_VERSION = 1;
				DEVELOPMENT_TEAM = RH553QB55F;
				GENERATE_INFOPLIST_FILE = YES;
				IPHONEOS_DEPLOYMENT_TARGET = 18.2;
				MARKETING_VERSION = 1.0;
				PRODUCT_BUNDLE_IDENTIFIER = com.organization.CryptoTrackingTests;
				PRODUCT_NAME = "$(TARGET_NAME)";
				SWIFT_EMIT_LOC_STRINGS = NO;
				SWIFT_VERSION = 5.0;
				TARGETED_DEVICE_FAMILY = "1,2";
				TEST_HOST = "$(BUILT_PRODUCTS_DIR)/CryptoTracking.app/$(BUNDLE_EXECUTABLE_FOLDER_PATH)/CryptoTracking";
			};
			name = Debug;
		};
		1E0299DE2E0C89270097052F /* Release */ = {
			isa = XCBuildConfiguration;
			buildSettings = {
				BUNDLE_LOADER = "$(TEST_HOST)";
				CODE_SIGN_STYLE = Automatic;
				CURRENT_PROJECT_VERSION = 1;
				DEVELOPMENT_TEAM = RH553QB55F;
				GENERATE_INFOPLIST_FILE = YES;
				IPHONEOS_DEPLOYMENT_TARGET = 18.2;
				MARKETING_VERSION = 1.0;
				PRODUCT_BUNDLE_IDENTIFIER = com.organization.CryptoTrackingTests;
				PRODUCT_NAME = "$(TARGET_NAME)";
				SWIFT_EMIT_LOC_STRINGS = NO;
				SWIFT_VERSION = 5.0;
				TARGETED_DEVICE_FAMILY = "1,2";
				TEST_HOST = "$(BUILT_PRODUCTS_DIR)/CryptoTracking.app/$(BUNDLE_EXECUTABLE_FOLDER_PATH)/CryptoTracking";
			};
			name = Release;
		};
		1E0299E02E0C89270097052F /* Debug */ = {
			isa = XCBuildConfiguration;
			buildSettings = {
				CODE_SIGN_STYLE = Automatic;
				CURRENT_PROJECT_VERSION = 1;
				DEVELOPMENT_TEAM = RH553QB55F;
				GENERATE_INFOPLIST_FILE = YES;
				MARKETING_VERSION = 1.0;
				PRODUCT_BUNDLE_IDENTIFIER = com.organization.CryptoTrackingUITests;
				PRODUCT_NAME = "$(TARGET_NAME)";
				SWIFT_EMIT_LOC_STRINGS = NO;
				SWIFT_VERSION = 5.0;
				TARGETED_DEVICE_FAMILY = "1,2";
				TEST_TARGET_NAME = CryptoTracking;
			};
			name = Debug;
		};
		1E0299E12E0C89270097052F /* Release */ = {
			isa = XCBuildConfiguration;
			buildSettings = {
				CODE_SIGN_STYLE = Automatic;
				CURRENT_PROJECT_VERSION = 1;
				DEVELOPMENT_TEAM = RH553QB55F;
				GENERATE_INFOPLIST_FILE = YES;
				MARKETING_VERSION = 1.0;
				PRODUCT_BUNDLE_IDENTIFIER = com.organization.CryptoTrackingUITests;
				PRODUCT_NAME = "$(TARGET_NAME)";
				SWIFT_EMIT_LOC_STRINGS = NO;
				SWIFT_VERSION = 5.0;
				TARGETED_DEVICE_FAMILY = "1,2";
				TEST_TARGET_NAME = CryptoTracking;
			};
			name = Release;
		};
/* End XCBuildConfiguration section */

/* Begin XCConfigurationList section */
		1E0299AB2E0C89250097052F /* Build configuration list for PBXProject "CryptoTracking" */ = {
			isa = XCConfigurationList;
			buildConfigurations = (
				1E0299D72E0C89270097052F /* Debug */,
				1E0299D82E0C89270097052F /* Release */,
			);
			defaultConfigurationIsVisible = 0;
			defaultConfigurationName = Release;
		};
		1E0299D92E0C89270097052F /* Build configuration list for PBXNativeTarget "CryptoTracking" */ = {
			isa = XCConfigurationList;
			buildConfigurations = (
				1E0299DA2E0C89270097052F /* Debug */,
				1E0299DB2E0C89270097052F /* Release */,
			);
			defaultConfigurationIsVisible = 0;
			defaultConfigurationName = Release;
		};
		1E0299DC2E0C89270097052F /* Build configuration list for PBXNativeTarget "CryptoTrackingTests" */ = {
			isa = XCConfigurationList;
			buildConfigurations = (
				1E0299DD2E0C89270097052F /* Debug */,
				1E0299DE2E0C89270097052F /* Release */,
			);
			defaultConfigurationIsVisible = 0;
			defaultConfigurationName = Release;
		};
		1E0299DF2E0C89270097052F /* Build configuration list for PBXNativeTarget "CryptoTrackingUITests" */ = {
			isa = XCConfigurationList;
			buildConfigurations = (
				1E0299E02E0C89270097052F /* Debug */,
				1E0299E12E0C89270097052F /* Release */,
			);
			defaultConfigurationIsVisible = 0;
			defaultConfigurationName = Release;
		};
/* End XCConfigurationList section */

/* Begin XCRemoteSwiftPackageReference section */
		1E029B722E0C8DBB0097052F /* XCRemoteSwiftPackageReference "netfox" */ = {
			isa = XCRemoteSwiftPackageReference;
			repositoryURL = "https://github.com/kasketis/netfox";
			requirement = {
				kind = upToNextMajorVersion;
				minimumVersion = 1.21.0;
			};
		};
/* End XCRemoteSwiftPackageReference section */

/* Begin XCSwiftPackageProductDependency section */
		1E029C002E0C8E080097052F /* netfox */ = {
			isa = XCSwiftPackageProductDependency;
			package = 1E029B722E0C8DBB0097052F /* XCRemoteSwiftPackageReference "netfox" */;
			productName = netfox;
		};
/* End XCSwiftPackageProductDependency section */
	};
	rootObject = 1E0299A82E0C89250097052F /* Project object */;
}
